// !$*UTF8*$!
{
	archiveVersion = 1;
	classes = {
	};
	objectVersion = 46;
	objects = {

/* Begin PBXBuildFile section */
		17DDD2311C44EB9B00249421 /* AppDelegate.swift in Sources */ = {isa = PBXBuildFile; fileRef = 17DDD2301C44EB9B00249421 /* AppDelegate.swift */; };
		17DDD2331C44EB9B00249421 /* ViewController.swift in Sources */ = {isa = PBXBuildFile; fileRef = 17DDD2321C44EB9B00249421 /* ViewController.swift */; };
		17DDD2361C44EB9B00249421 /* Main.storyboard in Resources */ = {isa = PBXBuildFile; fileRef = 17DDD2341C44EB9B00249421 /* Main.storyboard */; };
		17DDD2381C44EB9B00249421 /* Assets.xcassets in Resources */ = {isa = PBXBuildFile; fileRef = 17DDD2371C44EB9B00249421 /* Assets.xcassets */; };
		17DDD23B1C44EB9B00249421 /* LaunchScreen.storyboard in Resources */ = {isa = PBXBuildFile; fileRef = 17DDD2391C44EB9B00249421 /* LaunchScreen.storyboard */; };
		17DDD2461C44EB9B00249421 /* errorHandlerTests.swift in Sources */ = {isa = PBXBuildFile; fileRef = 17DDD2451C44EB9B00249421 /* errorHandlerTests.swift */; };
		17DDD2511C44EB9B00249421 /* errorHandlerUITests.swift in Sources */ = {isa = PBXBuildFile; fileRef = 17DDD2501C44EB9B00249421 /* errorHandlerUITests.swift */; };
/* End PBXBuildFile section */

/* Begin PBXContainerItemProxy section */
		17DDD2421C44EB9B00249421 /* PBXContainerItemProxy */ = {
			isa = PBXContainerItemProxy;
			containerPortal = 17DDD2251C44EB9B00249421 /* Project object */;
			proxyType = 1;
			remoteGlobalIDString = 17DDD22C1C44EB9B00249421;
			remoteInfo = errorHandler;
		};
		17DDD24D1C44EB9B00249421 /* PBXContainerItemProxy */ = {
			isa = PBXContainerItemProxy;
			containerPortal = 17DDD2251C44EB9B00249421 /* Project object */;
			proxyType = 1;
			remoteGlobalIDString = 17DDD22C1C44EB9B00249421;
			remoteInfo = errorHandler;
		};
/* End PBXContainerItemProxy section */

/* Begin PBXFileReference section */
		17DDD22D1C44EB9B00249421 /* errorHandler.app */ = {isa = PBXFileReference; explicitFileType = wrapper.application; includeInIndex = 0; path = errorHandler.app; sourceTree = BUILT_PRODUCTS_DIR; };
		17DDD2301C44EB9B00249421 /* AppDelegate.swift */ = {isa = PBXFileReference; lastKnownFileType = sourcecode.swift; path = AppDelegate.swift; sourceTree = "<group>"; };
		17DDD2321C44EB9B00249421 /* ViewController.swift */ = {isa = PBXFileReference; lastKnownFileType = sourcecode.swift; path = ViewController.swift; sourceTree = "<group>"; };
		17DDD2351C44EB9B00249421 /* Base */ = {isa = PBXFileReference; lastKnownFileType = file.storyboard; name = Base; path = Base.lproj/Main.storyboard; sourceTree = "<group>"; };
		17DDD2371C44EB9B00249421 /* Assets.xcassets */ = {isa = PBXFileReference; lastKnownFileType = folder.assetcatalog; path = Assets.xcassets; sourceTree = "<group>"; };
		17DDD23A1C44EB9B00249421 /* Base */ = {isa = PBXFileReference; lastKnownFileType = file.storyboard; name = Base; path = Base.lproj/LaunchScreen.storyboard; sourceTree = "<group>"; };
		17DDD23C1C44EB9B00249421 /* Info.plist */ = {isa = PBXFileReference; lastKnownFileType = text.plist.xml; path = Info.plist; sourceTree = "<group>"; };
		17DDD2411C44EB9B00249421 /* errorHandlerTests.xctest */ = {isa = PBXFileReference; explicitFileType = wrapper.cfbundle; includeInIndex = 0; path = errorHandlerTests.xctest; sourceTree = BUILT_PRODUCTS_DIR; };
		17DDD2451C44EB9B00249421 /* errorHandlerTests.swift */ = {isa = PBXFileReference; lastKnownFileType = sourcecode.swift; path = errorHandlerTests.swift; sourceTree = "<group>"; };
		17DDD2471C44EB9B00249421 /* Info.plist */ = {isa = PBXFileReference; lastKnownFileType = text.plist.xml; path = Info.plist; sourceTree = "<group>"; };
		17DDD24C1C44EB9B00249421 /* errorHandlerUITests.xctest */ = {isa = PBXFileReference; explicitFileType = wrapper.cfbundle; includeInIndex = 0; path = errorHandlerUITests.xctest; sourceTree = BUILT_PRODUCTS_DIR; };
		17DDD2501C44EB9B00249421 /* errorHandlerUITests.swift */ = {isa = PBXFileReference; lastKnownFileType = sourcecode.swift; path = errorHandlerUITests.swift; sourceTree = "<group>"; };
		17DDD2521C44EB9B00249421 /* Info.plist */ = {isa = PBXFileReference; lastKnownFileType = text.plist.xml; path = Info.plist; sourceTree = "<group>"; };
/* End PBXFileReference section */

/* Begin PBXFrameworksBuildPhase section */
		17DDD22A1C44EB9B00249421 /* Frameworks */ = {
			isa = PBXFrameworksBuildPhase;
			buildActionMask = 2147483647;
			files = (
			);
			runOnlyForDeploymentPostprocessing = 0;
		};
		17DDD23E1C44EB9B00249421 /* Frameworks */ = {
			isa = PBXFrameworksBuildPhase;
			buildActionMask = 2147483647;
			files = (
			);
			runOnlyForDeploymentPostprocessing = 0;
		};
		17DDD2491C44EB9B00249421 /* Frameworks */ = {
			isa = PBXFrameworksBuildPhase;
			buildActionMask = 2147483647;
			files = (
			);
			runOnlyForDeploymentPostprocessing = 0;
		};
/* End PBXFrameworksBuildPhase section */

/* Begin PBXGroup section */
		17DDD2241C44EB9B00249421 = {
			isa = PBXGroup;
			children = (
				17DDD22F1C44EB9B00249421 /* errorHandler */,
				17DDD2441C44EB9B00249421 /* errorHandlerTests */,
				17DDD24F1C44EB9B00249421 /* errorHandlerUITests */,
				17DDD22E1C44EB9B00249421 /* Products */,
			);
			sourceTree = "<group>";
		};
		17DDD22E1C44EB9B00249421 /* Products */ = {
			isa = PBXGroup;
			children = (
				17DDD22D1C44EB9B00249421 /* errorHandler.app */,
				17DDD2411C44EB9B00249421 /* errorHandlerTests.xctest */,
				17DDD24C1C44EB9B00249421 /* errorHandlerUITests.xctest */,
			);
			name = Products;
			sourceTree = "<group>";
		};
		17DDD22F1C44EB9B00249421 /* errorHandler */ = {
			isa = PBXGroup;
			children = (
				17DDD2301C44EB9B00249421 /* AppDelegate.swift */,
				17DDD2321C44EB9B00249421 /* ViewController.swift */,
				17DDD2341C44EB9B00249421 /* Main.storyboard */,
				17DDD2371C44EB9B00249421 /* Assets.xcassets */,
				17DDD2391C44EB9B00249421 /* LaunchScreen.storyboard */,
				17DDD23C1C44EB9B00249421 /* Info.plist */,
			);
			path = errorHandler;
			sourceTree = "<group>";
		};
		17DDD2441C44EB9B00249421 /* errorHandlerTests */ = {
			isa = PBXGroup;
			children = (
				17DDD2451C44EB9B00249421 /* errorHandlerTests.swift */,
				17DDD2471C44EB9B00249421 /* Info.plist */,
			);
			path = errorHandlerTests;
			sourceTree = "<group>";
		};
		17DDD24F1C44EB9B00249421 /* errorHandlerUITests */ = {
			isa = PBXGroup;
			children = (
				17DDD2501C44EB9B00249421 /* errorHandlerUITests.swift */,
				17DDD2521C44EB9B00249421 /* Info.plist */,
			);
			path = errorHandlerUITests;
			sourceTree = "<group>";
		};
/* End PBXGroup section */

/* Begin PBXNativeTarget section */
		17DDD22C1C44EB9B00249421 /* errorHandler */ = {
			isa = PBXNativeTarget;
			buildConfigurationList = 17DDD2551C44EB9B00249421 /* Build configuration list for PBXNativeTarget "errorHandler" */;
			buildPhases = (
				17DDD2291C44EB9B00249421 /* Sources */,
				17DDD22A1C44EB9B00249421 /* Frameworks */,
				17DDD22B1C44EB9B00249421 /* Resources */,
			);
			buildRules = (
			);
			dependencies = (
			);
			name = errorHandler;
			productName = errorHandler;
			productReference = 17DDD22D1C44EB9B00249421 /* errorHandler.app */;
			productType = "com.apple.product-type.application";
		};
		17DDD2401C44EB9B00249421 /* errorHandlerTests */ = {
			isa = PBXNativeTarget;
			buildConfigurationList = 17DDD2581C44EB9B00249421 /* Build configuration list for PBXNativeTarget "errorHandlerTests" */;
			buildPhases = (
				17DDD23D1C44EB9B00249421 /* Sources */,
				17DDD23E1C44EB9B00249421 /* Frameworks */,
				17DDD23F1C44EB9B00249421 /* Resources */,
			);
			buildRules = (
			);
			dependencies = (
				17DDD2431C44EB9B00249421 /* PBXTargetDependency */,
			);
			name = errorHandlerTests;
			productName = errorHandlerTests;
			productReference = 17DDD2411C44EB9B00249421 /* errorHandlerTests.xctest */;
			productType = "com.apple.product-type.bundle.unit-test";
		};
		17DDD24B1C44EB9B00249421 /* errorHandlerUITests */ = {
			isa = PBXNativeTarget;
			buildConfigurationList = 17DDD25B1C44EB9B00249421 /* Build configuration list for PBXNativeTarget "errorHandlerUITests" */;
			buildPhases = (
				17DDD2481C44EB9B00249421 /* Sources */,
				17DDD2491C44EB9B00249421 /* Frameworks */,
				17DDD24A1C44EB9B00249421 /* Resources */,
			);
			buildRules = (
			);
			dependencies = (
				17DDD24E1C44EB9B00249421 /* PBXTargetDependency */,
			);
			name = errorHandlerUITests;
			productName = errorHandlerUITests;
			productReference = 17DDD24C1C44EB9B00249421 /* errorHandlerUITests.xctest */;
			productType = "com.apple.product-type.bundle.ui-testing";
		};
/* End PBXNativeTarget section */

/* Begin PBXProject section */
		17DDD2251C44EB9B00249421 /* Project object */ = {
			isa = PBXProject;
			attributes = {
				LastSwiftUpdateCheck = 0720;
				LastUpgradeCheck = 0720;
				ORGANIZATIONNAME = xiangwenwen;
				TargetAttributes = {
					17DDD22C1C44EB9B00249421 = {
						CreatedOnToolsVersion = 7.2;
					};
					17DDD2401C44EB9B00249421 = {
						CreatedOnToolsVersion = 7.2;
						TestTargetID = 17DDD22C1C44EB9B00249421;
					};
					17DDD24B1C44EB9B00249421 = {
						CreatedOnToolsVersion = 7.2;
						TestTargetID = 17DDD22C1C44EB9B00249421;
					};
				};
			};
			buildConfigurationList = 17DDD2281C44EB9B00249421 /* Build configuration list for PBXProject "errorHandler" */;
			compatibilityVersion = "Xcode 3.2";
			developmentRegion = English;
			hasScannedForEncodings = 0;
			knownRegions = (
				en,
				Base,
			);
			mainGroup = 17DDD2241C44EB9B00249421;
			productRefGroup = 17DDD22E1C44EB9B00249421 /* Products */;
			projectDirPath = "";
			projectRoot = "";
			targets = (
				17DDD22C1C44EB9B00249421 /* errorHandler */,
				17DDD2401C44EB9B00249421 /* errorHandlerTests */,
				17DDD24B1C44EB9B00249421 /* errorHandlerUITests */,
			);
		};
/* End PBXProject section */

/* Begin PBXResourcesBuildPhase section */
		17DDD22B1C44EB9B00249421 /* Resources */ = {
			isa = PBXResourcesBuildPhase;
			buildActionMask = 2147483647;
			files = (
				17DDD23B1C44EB9B00249421 /* LaunchScreen.storyboard in Resources */,
				17DDD2381C44EB9B00249421 /* Assets.xcassets in Resources */,
				17DDD2361C44EB9B00249421 /* Main.storyboard in Resources */,
			);
			runOnlyForDeploymentPostprocessing = 0;
		};
		17DDD23F1C44EB9B00249421 /* Resources */ = {
			isa = PBXResourcesBuildPhase;
			buildActionMask = 2147483647;
			files = (
			);
			runOnlyForDeploymentPostprocessing = 0;
		};
		17DDD24A1C44EB9B00249421 /* Resources */ = {
			isa = PBXResourcesBuildPhase;
			buildActionMask = 2147483647;
			files = (
			);
			runOnlyForDeploymentPostprocessing = 0;
		};
/* End PBXResourcesBuildPhase section */

/* Begin PBXSourcesBuildPhase section */
		17DDD2291C44EB9B00249421 /* Sources */ = {
			isa = PBXSourcesBuildPhase;
			buildActionMask = 2147483647;
			files = (
				17DDD2331C44EB9B00249421 /* ViewController.swift in Sources */,
				17DDD2311C44EB9B00249421 /* AppDelegate.swift in Sources */,
			);
			runOnlyForDeploymentPostprocessing = 0;
		};
		17DDD23D1C44EB9B00249421 /* Sources */ = {
			isa = PBXSourcesBuildPhase;
			buildActionMask = 2147483647;
			files = (
				17DDD2461C44EB9B00249421 /* errorHandlerTests.swift in Sources */,
			);
			runOnlyForDeploymentPostprocessing = 0;
		};
		17DDD2481C44EB9B00249421 /* Sources */ = {
			isa = PBXSourcesBuildPhase;
			buildActionMask = 2147483647;
			files = (
				17DDD2511C44EB9B00249421 /* errorHandlerUITests.swift in Sources */,
			);
			runOnlyForDeploymentPostprocessing = 0;
		};
/* End PBXSourcesBuildPhase section */

/* Begin PBXTargetDependency section */
		17DDD2431C44EB9B00249421 /* PBXTargetDependency */ = {
			isa = PBXTargetDependency;
			target = 17DDD22C1C44EB9B00249421 /* errorHandler */;
			targetProxy = 17DDD2421C44EB9B00249421 /* PBXContainerItemProxy */;
		};
		17DDD24E1C44EB9B00249421 /* PBXTargetDependency */ = {
			isa = PBXTargetDependency;
			target = 17DDD22C1C44EB9B00249421 /* errorHandler */;
			targetProxy = 17DDD24D1C44EB9B00249421 /* PBXContainerItemProxy */;
		};
/* End PBXTargetDependency section */

/* Begin PBXVariantGroup section */
		17DDD2341C44EB9B00249421 /* Main.storyboard */ = {
			isa = PBXVariantGroup;
			children = (
				17DDD2351C44EB9B00249421 /* Base */,
			);
			name = Main.storyboard;
			sourceTree = "<group>";
		};
		17DDD2391C44EB9B00249421 /* LaunchScreen.storyboard */ = {
			isa = PBXVariantGroup;
			children = (
				17DDD23A1C44EB9B00249421 /* Base */,
			);
			name = LaunchScreen.storyboard;
			sourceTree = "<group>";
		};
/* End PBXVariantGroup section */

/* Begin XCBuildConfiguration section */
		17DDD2531C44EB9B00249421 /* Debug */ = {
			isa = XCBuildConfiguration;
			buildSettings = {
				ALWAYS_SEARCH_USER_PATHS = NO;
				CLANG_CXX_LANGUAGE_STANDARD = "gnu++0x";
				CLANG_CXX_LIBRARY = "libc++";
				CLANG_ENABLE_MODULES = YES;
				CLANG_ENABLE_OBJC_ARC = YES;
				CLANG_WARN_BOOL_CONVERSION = YES;
				CLANG_WARN_CONSTANT_CONVERSION = YES;
				CLANG_WARN_DIRECT_OBJC_ISA_USAGE = YES_ERROR;
				CLANG_WARN_EMPTY_BODY = YES;
				CLANG_WARN_ENUM_CONVERSION = YES;
				CLANG_WARN_INT_CONVERSION = YES;
				CLANG_WARN_OBJC_ROOT_CLASS = YES_ERROR;
				CLANG_WARN_UNREACHABLE_CODE = YES;
				CLANG_WARN__DUPLICATE_METHOD_MATCH = YES;
				"CODE_SIGN_IDENTITY[sdk=iphoneos*]" = "iPhone Developer";
				COPY_PHASE_STRIP = NO;
				DEBUG_INFORMATION_FORMAT = dwarf;
				ENABLE_STRICT_OBJC_MSGSEND = YES;
				ENABLE_TESTABILITY = YES;
				GCC_C_LANGUAGE_STANDARD = gnu99;
				GCC_DYNAMIC_NO_PIC = NO;
				GCC_NO_COMMON_BLOCKS = YES;
				GCC_OPTIMIZATION_LEVEL = 0;
				GCC_PREPROCESSOR_DEFINITIONS = (
					"DEBUG=1",
					"$(inherited)",
				);
				GCC_WARN_64_TO_32_BIT_CONVERSION = YES;
				GCC_WARN_ABOUT_RETURN_TYPE = YES_ERROR;
				GCC_WARN_UNDECLARED_SELECTOR = YES;
				GCC_WARN_UNINITIALIZED_AUTOS = YES_AGGRESSIVE;
				GCC_WARN_UNUSED_FUNCTION = YES;
				GCC_WARN_UNUSED_VARIABLE = YES;
				IPHONEOS_DEPLOYMENT_TARGET = 9.2;
				MTL_ENABLE_DEBUG_INFO = YES;
				ONLY_ACTIVE_ARCH = YES;
				SDKROOT = iphoneos;
				SWIFT_OPTIMIZATION_LEVEL = "-Onone";
			};
			name = Debug;
		};
		17DDD2541C44EB9B00249421 /* Release */ = {
			isa = XCBuildConfiguration;
			buildSettings = {
				ALWAYS_SEARCH_USER_PATHS = NO;
				CLANG_CXX_LANGUAGE_STANDARD = "gnu++0x";
				CLANG_CXX_LIBRARY = "libc++";
				CLANG_ENABLE_MODULES = YES;
				CLANG_ENABLE_OBJC_ARC = YES;
				CLANG_WARN_BOOL_CONVERSION = YES;
				CLANG_WARN_CONSTANT_CONVERSION = YES;
				CLANG_WARN_DIRECT_OBJC_ISA_USAGE = YES_ERROR;
				CLANG_WARN_EMPTY_BODY = YES;
				CLANG_WARN_ENUM_CONVERSION = YES;
				CLANG_WARN_INT_CONVERSION = YES;
				CLANG_WARN_OBJC_ROOT_CLASS = YES_ERROR;
				CLANG_WARN_UNREACHABLE_CODE = YES;
				CLANG_WARN__DUPLICATE_METHOD_MATCH = YES;
				"CODE_SIGN_IDENTITY[sdk=iphoneos*]" = "iPhone Developer";
				COPY_PHASE_STRIP = NO;
				DEBUG_INFORMATION_FORMAT = "dwarf-with-dsym";
				ENABLE_NS_ASSERTIONS = NO;
				ENABLE_STRICT_OBJC_MSGSEND = YES;
				GCC_C_LANGUAGE_STANDARD = gnu99;
				GCC_NO_COMMON_BLOCKS = YES;
				GCC_WARN_64_TO_32_BIT_CONVERSION = YES;
				GCC_WARN_ABOUT_RETURN_TYPE = YES_ERROR;
				GCC_WARN_UNDECLARED_SELECTOR = YES;
				GCC_WARN_UNINITIALIZED_AUTOS = YES_AGGRESSIVE;
				GCC_WARN_UNUSED_FUNCTION = YES;
				GCC_WARN_UNUSED_VARIABLE = YES;
				IPHONEOS_DEPLOYMENT_TARGET = 9.2;
				MTL_ENABLE_DEBUG_INFO = NO;
				SDKROOT = iphoneos;
				VALIDATE_PRODUCT = YES;
			};
			name = Release;
		};
		17DDD2561C44EB9B00249421 /* Debug */ = {
			isa = XCBuildConfiguration;
			buildSettings = {
				ASSETCATALOG_COMPILER_APPICON_NAME = AppIcon;
				INFOPLIST_FILE = errorHandler/Info.plist;
				LD_RUNPATH_SEARCH_PATHS = "$(inherited) @executable_path/Frameworks";
				PRODUCT_BUNDLE_IDENTIFIER = wen.errorHandler;
				PRODUCT_NAME = "$(TARGET_NAME)";
			};
			name = Debug;
		};
		17DDD2571C44EB9B00249421 /* Release */ = {
			isa = XCBuildConfiguration;
			buildSettings = {
				ASSETCATALOG_COMPILER_APPICON_NAME = AppIcon;
				INFOPLIST_FILE = errorHandler/Info.plist;
				LD_RUNPATH_SEARCH_PATHS = "$(inherited) @executable_path/Frameworks";
				PRODUCT_BUNDLE_IDENTIFIER = wen.errorHandler;
				PRODUCT_NAME = "$(TARGET_NAME)";
			};
			name = Release;
		};
		17DDD2591C44EB9B00249421 /* Debug */ = {
			isa = XCBuildConfiguration;
			buildSettings = {
				BUNDLE_LOADER = "$(TEST_HOST)";
				INFOPLIST_FILE = errorHandlerTests/Info.plist;
				LD_RUNPATH_SEARCH_PATHS = "$(inherited) @executable_path/Frameworks @loader_path/Frameworks";
				PRODUCT_BUNDLE_IDENTIFIER = wen.errorHandlerTests;
				PRODUCT_NAME = "$(TARGET_NAME)";
				TEST_HOST = "$(BUILT_PRODUCTS_DIR)/errorHandler.app/errorHandler";
			};
			name = Debug;
		};
		17DDD25A1C44EB9B00249421 /* Release */ = {
			isa = XCBuildConfiguration;
			buildSettings = {
				BUNDLE_LOADER = "$(TEST_HOST)";
				INFOPLIST_FILE = errorHandlerTests/Info.plist;
				LD_RUNPATH_SEARCH_PATHS = "$(inherited) @executable_path/Frameworks @loader_path/Frameworks";
				PRODUCT_BUNDLE_IDENTIFIER = wen.errorHandlerTests;
				PRODUCT_NAME = "$(TARGET_NAME)";
				TEST_HOST = "$(BUILT_PRODUCTS_DIR)/errorHandler.app/errorHandler";
			};
			name = Release;
		};
		17DDD25C1C44EB9B00249421 /* Debug */ = {
			isa = XCBuildConfiguration;
			buildSettings = {
				INFOPLIST_FILE = errorHandlerUITests/Info.plist;
				LD_RUNPATH_SEARCH_PATHS = "$(inherited) @executable_path/Frameworks @loader_path/Frameworks";
				PRODUCT_BUNDLE_IDENTIFIER = wen.errorHandlerUITests;
				PRODUCT_NAME = "$(TARGET_NAME)";
				TEST_TARGET_NAME = errorHandler;
				USES_XCTRUNNER = YES;
			};
			name = Debug;
		};
		17DDD25D1C44EB9B00249421 /* Release */ = {
			isa = XCBuildConfiguration;
			buildSettings = {
				INFOPLIST_FILE = errorHandlerUITests/Info.plist;
				LD_RUNPATH_SEARCH_PATHS = "$(inherited) @executable_path/Frameworks @loader_path/Frameworks";
				PRODUCT_BUNDLE_IDENTIFIER = wen.errorHandlerUITests;
				PRODUCT_NAME = "$(TARGET_NAME)";
				TEST_TARGET_NAME = errorHandler;
				USES_XCTRUNNER = YES;
			};
			name = Release;
		};
/* End XCBuildConfiguration section */

/* Begin XCConfigurationList section */
		17DDD2281C44EB9B00249421 /* Build configuration list for PBXProject "errorHandler" */ = {
			isa = XCConfigurationList;
			buildConfigurations = (
				17DDD2531C44EB9B00249421 /* Debug */,
				17DDD2541C44EB9B00249421 /* Release */,
			);
			defaultConfigurationIsVisible = 0;
			defaultConfigurationName = Release;
		};
		17DDD2551C44EB9B00249421 /* Build configuration list for PBXNativeTarget "errorHandler" */ = {
			isa = XCConfigurationList;
			buildConfigurations = (
				17DDD2561C44EB9B00249421 /* Debug */,
				17DDD2571C44EB9B00249421 /* Release */,
			);
			defaultConfigurationIsVisible = 0;
		};
		17DDD2581C44EB9B00249421 /* Build configuration list for PBXNativeTarget "errorHandlerTests" */ = {
			isa = XCConfigurationList;
			buildConfigurations = (
				17DDD2591C44EB9B00249421 /* Debug */,
				17DDD25A1C44EB9B00249421 /* Release */,
			);
			defaultConfigurationIsVisible = 0;
		};
		17DDD25B1C44EB9B00249421 /* Build configuration list for PBXNativeTarget "errorHandlerUITests" */ = {
			isa = XCConfigurationList;
			buildConfigurations = (
				17DDD25C1C44EB9B00249421 /* Debug */,
				17DDD25D1C44EB9B00249421 /* Release */,
			);
			defaultConfigurationIsVisible = 0;
		};
/* End XCConfigurationList section */
	};
	rootObject = 17DDD2251C44EB9B00249421 /* Project object */;
}
