// !$*UTF8*$!
{
	archiveVersion = 1;
	classes = {
	};
	objectVersion = 46;
	objects = {

/* Begin PBXBuildFile section */
		1772810D1C27AAF2009D5BF8 /* AppDelegate.swift in Sources */ = {isa = PBXBuildFile; fileRef = 1772810C1C27AAF2009D5BF8 /* AppDelegate.swift */; };
		1772810F1C27AAF2009D5BF8 /* ViewController.swift in Sources */ = {isa = PBXBuildFile; fileRef = 1772810E1C27AAF2009D5BF8 /* ViewController.swift */; };
		177281121C27AAF2009D5BF8 /* Main.storyboard in Resources */ = {isa = PBXBuildFile; fileRef = 177281101C27AAF2009D5BF8 /* Main.storyboard */; };
		177281141C27AAF2009D5BF8 /* Assets.xcassets in Resources */ = {isa = PBXBuildFile; fileRef = 177281131C27AAF2009D5BF8 /* Assets.xcassets */; };
		177281171C27AAF2009D5BF8 /* LaunchScreen.storyboard in Resources */ = {isa = PBXBuildFile; fileRef = 177281151C27AAF2009D5BF8 /* LaunchScreen.storyboard */; };
		177281221C27AAF2009D5BF8 /* GCDTests.swift in Sources */ = {isa = PBXBuildFile; fileRef = 177281211C27AAF2009D5BF8 /* GCDTests.swift */; };
		1772812D1C27AAF2009D5BF8 /* GCDUITests.swift in Sources */ = {isa = PBXBuildFile; fileRef = 1772812C1C27AAF2009D5BF8 /* GCDUITests.swift */; };
/* End PBXBuildFile section */

/* Begin PBXContainerItemProxy section */
		1772811E1C27AAF2009D5BF8 /* PBXContainerItemProxy */ = {
			isa = PBXContainerItemProxy;
			containerPortal = 177281011C27AAF1009D5BF8 /* Project object */;
			proxyType = 1;
			remoteGlobalIDString = 177281081C27AAF2009D5BF8;
			remoteInfo = GCD;
		};
		177281291C27AAF2009D5BF8 /* PBXContainerItemProxy */ = {
			isa = PBXContainerItemProxy;
			containerPortal = 177281011C27AAF1009D5BF8 /* Project object */;
			proxyType = 1;
			remoteGlobalIDString = 177281081C27AAF2009D5BF8;
			remoteInfo = GCD;
		};
/* End PBXContainerItemProxy section */

/* Begin PBXFileReference section */
		177281091C27AAF2009D5BF8 /* GCD.app */ = {isa = PBXFileReference; explicitFileType = wrapper.application; includeInIndex = 0; path = GCD.app; sourceTree = BUILT_PRODUCTS_DIR; };
		1772810C1C27AAF2009D5BF8 /* AppDelegate.swift */ = {isa = PBXFileReference; lastKnownFileType = sourcecode.swift; path = AppDelegate.swift; sourceTree = "<group>"; };
		1772810E1C27AAF2009D5BF8 /* ViewController.swift */ = {isa = PBXFileReference; lastKnownFileType = sourcecode.swift; path = ViewController.swift; sourceTree = "<group>"; };
		177281111C27AAF2009D5BF8 /* Base */ = {isa = PBXFileReference; lastKnownFileType = file.storyboard; name = Base; path = Base.lproj/Main.storyboard; sourceTree = "<group>"; };
		177281131C27AAF2009D5BF8 /* Assets.xcassets */ = {isa = PBXFileReference; lastKnownFileType = folder.assetcatalog; path = Assets.xcassets; sourceTree = "<group>"; };
		177281161C27AAF2009D5BF8 /* Base */ = {isa = PBXFileReference; lastKnownFileType = file.storyboard; name = Base; path = Base.lproj/LaunchScreen.storyboard; sourceTree = "<group>"; };
		177281181C27AAF2009D5BF8 /* Info.plist */ = {isa = PBXFileReference; lastKnownFileType = text.plist.xml; path = Info.plist; sourceTree = "<group>"; };
		1772811D1C27AAF2009D5BF8 /* GCDTests.xctest */ = {isa = PBXFileReference; explicitFileType = wrapper.cfbundle; includeInIndex = 0; path = GCDTests.xctest; sourceTree = BUILT_PRODUCTS_DIR; };
		177281211C27AAF2009D5BF8 /* GCDTests.swift */ = {isa = PBXFileReference; lastKnownFileType = sourcecode.swift; path = GCDTests.swift; sourceTree = "<group>"; };
		177281231C27AAF2009D5BF8 /* Info.plist */ = {isa = PBXFileReference; lastKnownFileType = text.plist.xml; path = Info.plist; sourceTree = "<group>"; };
		177281281C27AAF2009D5BF8 /* GCDUITests.xctest */ = {isa = PBXFileReference; explicitFileType = wrapper.cfbundle; includeInIndex = 0; path = GCDUITests.xctest; sourceTree = BUILT_PRODUCTS_DIR; };
		1772812C1C27AAF2009D5BF8 /* GCDUITests.swift */ = {isa = PBXFileReference; lastKnownFileType = sourcecode.swift; path = GCDUITests.swift; sourceTree = "<group>"; };
		1772812E1C27AAF2009D5BF8 /* Info.plist */ = {isa = PBXFileReference; lastKnownFileType = text.plist.xml; path = Info.plist; sourceTree = "<group>"; };
/* End PBXFileReference section */

/* Begin PBXFrameworksBuildPhase section */
		177281061C27AAF2009D5BF8 /* Frameworks */ = {
			isa = PBXFrameworksBuildPhase;
			buildActionMask = 2147483647;
			files = (
			);
			runOnlyForDeploymentPostprocessing = 0;
		};
		1772811A1C27AAF2009D5BF8 /* Frameworks */ = {
			isa = PBXFrameworksBuildPhase;
			buildActionMask = 2147483647;
			files = (
			);
			runOnlyForDeploymentPostprocessing = 0;
		};
		177281251C27AAF2009D5BF8 /* Frameworks */ = {
			isa = PBXFrameworksBuildPhase;
			buildActionMask = 2147483647;
			files = (
			);
			runOnlyForDeploymentPostprocessing = 0;
		};
/* End PBXFrameworksBuildPhase section */

/* Begin PBXGroup section */
		177281001C27AAF1009D5BF8 = {
			isa = PBXGroup;
			children = (
				1772810B1C27AAF2009D5BF8 /* GCD */,
				177281201C27AAF2009D5BF8 /* GCDTests */,
				1772812B1C27AAF2009D5BF8 /* GCDUITests */,
				1772810A1C27AAF2009D5BF8 /* Products */,
			);
			sourceTree = "<group>";
		};
		1772810A1C27AAF2009D5BF8 /* Products */ = {
			isa = PBXGroup;
			children = (
				177281091C27AAF2009D5BF8 /* GCD.app */,
				1772811D1C27AAF2009D5BF8 /* GCDTests.xctest */,
				177281281C27AAF2009D5BF8 /* GCDUITests.xctest */,
			);
			name = Products;
			sourceTree = "<group>";
		};
		1772810B1C27AAF2009D5BF8 /* GCD */ = {
			isa = PBXGroup;
			children = (
				1772810C1C27AAF2009D5BF8 /* AppDelegate.swift */,
				1772810E1C27AAF2009D5BF8 /* ViewController.swift */,
				177281101C27AAF2009D5BF8 /* Main.storyboard */,
				177281131C27AAF2009D5BF8 /* Assets.xcassets */,
				177281151C27AAF2009D5BF8 /* LaunchScreen.storyboard */,
				177281181C27AAF2009D5BF8 /* Info.plist */,
			);
			path = GCD;
			sourceTree = "<group>";
		};
		177281201C27AAF2009D5BF8 /* GCDTests */ = {
			isa = PBXGroup;
			children = (
				177281211C27AAF2009D5BF8 /* GCDTests.swift */,
				177281231C27AAF2009D5BF8 /* Info.plist */,
			);
			path = GCDTests;
			sourceTree = "<group>";
		};
		1772812B1C27AAF2009D5BF8 /* GCDUITests */ = {
			isa = PBXGroup;
			children = (
				1772812C1C27AAF2009D5BF8 /* GCDUITests.swift */,
				1772812E1C27AAF2009D5BF8 /* Info.plist */,
			);
			path = GCDUITests;
			sourceTree = "<group>";
		};
/* End PBXGroup section */

/* Begin PBXNativeTarget section */
		177281081C27AAF2009D5BF8 /* GCD */ = {
			isa = PBXNativeTarget;
			buildConfigurationList = 177281311C27AAF2009D5BF8 /* Build configuration list for PBXNativeTarget "GCD" */;
			buildPhases = (
				177281051C27AAF2009D5BF8 /* Sources */,
				177281061C27AAF2009D5BF8 /* Frameworks */,
				177281071C27AAF2009D5BF8 /* Resources */,
			);
			buildRules = (
			);
			dependencies = (
			);
			name = GCD;
			productName = GCD;
			productReference = 177281091C27AAF2009D5BF8 /* GCD.app */;
			productType = "com.apple.product-type.application";
		};
		1772811C1C27AAF2009D5BF8 /* GCDTests */ = {
			isa = PBXNativeTarget;
			buildConfigurationList = 177281341C27AAF2009D5BF8 /* Build configuration list for PBXNativeTarget "GCDTests" */;
			buildPhases = (
				177281191C27AAF2009D5BF8 /* Sources */,
				1772811A1C27AAF2009D5BF8 /* Frameworks */,
				1772811B1C27AAF2009D5BF8 /* Resources */,
			);
			buildRules = (
			);
			dependencies = (
				1772811F1C27AAF2009D5BF8 /* PBXTargetDependency */,
			);
			name = GCDTests;
			productName = GCDTests;
			productReference = 1772811D1C27AAF2009D5BF8 /* GCDTests.xctest */;
			productType = "com.apple.product-type.bundle.unit-test";
		};
		177281271C27AAF2009D5BF8 /* GCDUITests */ = {
			isa = PBXNativeTarget;
			buildConfigurationList = 177281371C27AAF2009D5BF8 /* Build configuration list for PBXNativeTarget "GCDUITests" */;
			buildPhases = (
				177281241C27AAF2009D5BF8 /* Sources */,
				177281251C27AAF2009D5BF8 /* Frameworks */,
				177281261C27AAF2009D5BF8 /* Resources */,
			);
			buildRules = (
			);
			dependencies = (
				1772812A1C27AAF2009D5BF8 /* PBXTargetDependency */,
			);
			name = GCDUITests;
			productName = GCDUITests;
			productReference = 177281281C27AAF2009D5BF8 /* GCDUITests.xctest */;
			productType = "com.apple.product-type.bundle.ui-testing";
		};
/* End PBXNativeTarget section */

/* Begin PBXProject section */
		177281011C27AAF1009D5BF8 /* Project object */ = {
			isa = PBXProject;
			attributes = {
				LastSwiftUpdateCheck = 0720;
				LastUpgradeCheck = 0720;
				ORGANIZATIONNAME = xiangwenwen;
				TargetAttributes = {
					177281081C27AAF2009D5BF8 = {
						CreatedOnToolsVersion = 7.2;
					};
					1772811C1C27AAF2009D5BF8 = {
						CreatedOnToolsVersion = 7.2;
						TestTargetID = 177281081C27AAF2009D5BF8;
					};
					177281271C27AAF2009D5BF8 = {
						CreatedOnToolsVersion = 7.2;
						TestTargetID = 177281081C27AAF2009D5BF8;
					};
				};
			};
			buildConfigurationList = 177281041C27AAF1009D5BF8 /* Build configuration list for PBXProject "GCD" */;
			compatibilityVersion = "Xcode 3.2";
			developmentRegion = English;
			hasScannedForEncodings = 0;
			knownRegions = (
				en,
				Base,
			);
			mainGroup = 177281001C27AAF1009D5BF8;
			productRefGroup = 1772810A1C27AAF2009D5BF8 /* Products */;
			projectDirPath = "";
			projectRoot = "";
			targets = (
				177281081C27AAF2009D5BF8 /* GCD */,
				1772811C1C27AAF2009D5BF8 /* GCDTests */,
				177281271C27AAF2009D5BF8 /* GCDUITests */,
			);
		};
/* End PBXProject section */

/* Begin PBXResourcesBuildPhase section */
		177281071C27AAF2009D5BF8 /* Resources */ = {
			isa = PBXResourcesBuildPhase;
			buildActionMask = 2147483647;
			files = (
				177281171C27AAF2009D5BF8 /* LaunchScreen.storyboard in Resources */,
				177281141C27AAF2009D5BF8 /* Assets.xcassets in Resources */,
				177281121C27AAF2009D5BF8 /* Main.storyboard in Resources */,
			);
			runOnlyForDeploymentPostprocessing = 0;
		};
		1772811B1C27AAF2009D5BF8 /* Resources */ = {
			isa = PBXResourcesBuildPhase;
			buildActionMask = 2147483647;
			files = (
			);
			runOnlyForDeploymentPostprocessing = 0;
		};
		177281261C27AAF2009D5BF8 /* Resources */ = {
			isa = PBXResourcesBuildPhase;
			buildActionMask = 2147483647;
			files = (
			);
			runOnlyForDeploymentPostprocessing = 0;
		};
/* End PBXResourcesBuildPhase section */

/* Begin PBXSourcesBuildPhase section */
		177281051C27AAF2009D5BF8 /* Sources */ = {
			isa = PBXSourcesBuildPhase;
			buildActionMask = 2147483647;
			files = (
				1772810F1C27AAF2009D5BF8 /* ViewController.swift in Sources */,
				1772810D1C27AAF2009D5BF8 /* AppDelegate.swift in Sources */,
			);
			runOnlyForDeploymentPostprocessing = 0;
		};
		177281191C27AAF2009D5BF8 /* Sources */ = {
			isa = PBXSourcesBuildPhase;
			buildActionMask = 2147483647;
			files = (
				177281221C27AAF2009D5BF8 /* GCDTests.swift in Sources */,
			);
			runOnlyForDeploymentPostprocessing = 0;
		};
		177281241C27AAF2009D5BF8 /* Sources */ = {
			isa = PBXSourcesBuildPhase;
			buildActionMask = 2147483647;
			files = (
				1772812D1C27AAF2009D5BF8 /* GCDUITests.swift in Sources */,
			);
			runOnlyForDeploymentPostprocessing = 0;
		};
/* End PBXSourcesBuildPhase section */

/* Begin PBXTargetDependency section */
		1772811F1C27AAF2009D5BF8 /* PBXTargetDependency */ = {
			isa = PBXTargetDependency;
			target = 177281081C27AAF2009D5BF8 /* GCD */;
			targetProxy = 1772811E1C27AAF2009D5BF8 /* PBXContainerItemProxy */;
		};
		1772812A1C27AAF2009D5BF8 /* PBXTargetDependency */ = {
			isa = PBXTargetDependency;
			target = 177281081C27AAF2009D5BF8 /* GCD */;
			targetProxy = 177281291C27AAF2009D5BF8 /* PBXContainerItemProxy */;
		};
/* End PBXTargetDependency section */

/* Begin PBXVariantGroup section */
		177281101C27AAF2009D5BF8 /* Main.storyboard */ = {
			isa = PBXVariantGroup;
			children = (
				177281111C27AAF2009D5BF8 /* Base */,
			);
			name = Main.storyboard;
			sourceTree = "<group>";
		};
		177281151C27AAF2009D5BF8 /* LaunchScreen.storyboard */ = {
			isa = PBXVariantGroup;
			children = (
				177281161C27AAF2009D5BF8 /* Base */,
			);
			name = LaunchScreen.storyboard;
			sourceTree = "<group>";
		};
/* End PBXVariantGroup section */

/* Begin XCBuildConfiguration section */
		1772812F1C27AAF2009D5BF8 /* Debug */ = {
			isa = XCBuildConfiguration;
			buildSettings = {
				ALWAYS_SEARCH_USER_PATHS = NO;
				CLANG_CXX_LANGUAGE_STANDARD = "gnu++0x";
				CLANG_CXX_LIBRARY = "libc++";
				CLANG_ENABLE_MODULES = YES;
				CLANG_ENABLE_OBJC_ARC = YES;
				CLANG_WARN_BOOL_CONVERSION = YES;
				CLANG_WARN_CONSTANT_CONVERSION = YES;
				CLANG_WARN_DIRECT_OBJC_ISA_USAGE = YES_ERROR;
				CLANG_WARN_EMPTY_BODY = YES;
				CLANG_WARN_ENUM_CONVERSION = YES;
				CLANG_WARN_INT_CONVERSION = YES;
				CLANG_WARN_OBJC_ROOT_CLASS = YES_ERROR;
				CLANG_WARN_UNREACHABLE_CODE = YES;
				CLANG_WARN__DUPLICATE_METHOD_MATCH = YES;
				"CODE_SIGN_IDENTITY[sdk=iphoneos*]" = "iPhone Developer";
				COPY_PHASE_STRIP = NO;
				DEBUG_INFORMATION_FORMAT = dwarf;
				ENABLE_STRICT_OBJC_MSGSEND = YES;
				ENABLE_TESTABILITY = YES;
				GCC_C_LANGUAGE_STANDARD = gnu99;
				GCC_DYNAMIC_NO_PIC = NO;
				GCC_NO_COMMON_BLOCKS = YES;
				GCC_OPTIMIZATION_LEVEL = 0;
				GCC_PREPROCESSOR_DEFINITIONS = (
					"DEBUG=1",
					"$(inherited)",
				);
				GCC_WARN_64_TO_32_BIT_CONVERSION = YES;
				GCC_WARN_ABOUT_RETURN_TYPE = YES_ERROR;
				GCC_WARN_UNDECLARED_SELECTOR = YES;
				GCC_WARN_UNINITIALIZED_AUTOS = YES_AGGRESSIVE;
				GCC_WARN_UNUSED_FUNCTION = YES;
				GCC_WARN_UNUSED_VARIABLE = YES;
				IPHONEOS_DEPLOYMENT_TARGET = 9.2;
				MTL_ENABLE_DEBUG_INFO = YES;
				ONLY_ACTIVE_ARCH = YES;
				SDKROOT = iphoneos;
				SWIFT_OPTIMIZATION_LEVEL = "-Onone";
			};
			name = Debug;
		};
		177281301C27AAF2009D5BF8 /* Release */ = {
			isa = XCBuildConfiguration;
			buildSettings = {
				ALWAYS_SEARCH_USER_PATHS = NO;
				CLANG_CXX_LANGUAGE_STANDARD = "gnu++0x";
				CLANG_CXX_LIBRARY = "libc++";
				CLANG_ENABLE_MODULES = YES;
				CLANG_ENABLE_OBJC_ARC = YES;
				CLANG_WARN_BOOL_CONVERSION = YES;
				CLANG_WARN_CONSTANT_CONVERSION = YES;
				CLANG_WARN_DIRECT_OBJC_ISA_USAGE = YES_ERROR;
				CLANG_WARN_EMPTY_BODY = YES;
				CLANG_WARN_ENUM_CONVERSION = YES;
				CLANG_WARN_INT_CONVERSION = YES;
				CLANG_WARN_OBJC_ROOT_CLASS = YES_ERROR;
				CLANG_WARN_UNREACHABLE_CODE = YES;
				CLANG_WARN__DUPLICATE_METHOD_MATCH = YES;
				"CODE_SIGN_IDENTITY[sdk=iphoneos*]" = "iPhone Developer";
				COPY_PHASE_STRIP = NO;
				DEBUG_INFORMATION_FORMAT = "dwarf-with-dsym";
				ENABLE_NS_ASSERTIONS = NO;
				ENABLE_STRICT_OBJC_MSGSEND = YES;
				GCC_C_LANGUAGE_STANDARD = gnu99;
				GCC_NO_COMMON_BLOCKS = YES;
				GCC_WARN_64_TO_32_BIT_CONVERSION = YES;
				GCC_WARN_ABOUT_RETURN_TYPE = YES_ERROR;
				GCC_WARN_UNDECLARED_SELECTOR = YES;
				GCC_WARN_UNINITIALIZED_AUTOS = YES_AGGRESSIVE;
				GCC_WARN_UNUSED_FUNCTION = YES;
				GCC_WARN_UNUSED_VARIABLE = YES;
				IPHONEOS_DEPLOYMENT_TARGET = 9.2;
				MTL_ENABLE_DEBUG_INFO = NO;
				SDKROOT = iphoneos;
				VALIDATE_PRODUCT = YES;
			};
			name = Release;
		};
		177281321C27AAF2009D5BF8 /* Debug */ = {
			isa = XCBuildConfiguration;
			buildSettings = {
				ASSETCATALOG_COMPILER_APPICON_NAME = AppIcon;
				INFOPLIST_FILE = GCD/Info.plist;
				LD_RUNPATH_SEARCH_PATHS = "$(inherited) @executable_path/Frameworks";
				PRODUCT_BUNDLE_IDENTIFIER = wen.GCD;
				PRODUCT_NAME = "$(TARGET_NAME)";
			};
			name = Debug;
		};
		177281331C27AAF2009D5BF8 /* Release */ = {
			isa = XCBuildConfiguration;
			buildSettings = {
				ASSETCATALOG_COMPILER_APPICON_NAME = AppIcon;
				INFOPLIST_FILE = GCD/Info.plist;
				LD_RUNPATH_SEARCH_PATHS = "$(inherited) @executable_path/Frameworks";
				PRODUCT_BUNDLE_IDENTIFIER = wen.GCD;
				PRODUCT_NAME = "$(TARGET_NAME)";
			};
			name = Release;
		};
		177281351C27AAF2009D5BF8 /* Debug */ = {
			isa = XCBuildConfiguration;
			buildSettings = {
				BUNDLE_LOADER = "$(TEST_HOST)";
				INFOPLIST_FILE = GCDTests/Info.plist;
				LD_RUNPATH_SEARCH_PATHS = "$(inherited) @executable_path/Frameworks @loader_path/Frameworks";
				PRODUCT_BUNDLE_IDENTIFIER = wen.GCDTests;
				PRODUCT_NAME = "$(TARGET_NAME)";
				TEST_HOST = "$(BUILT_PRODUCTS_DIR)/GCD.app/GCD";
			};
			name = Debug;
		};
		177281361C27AAF2009D5BF8 /* Release */ = {
			isa = XCBuildConfiguration;
			buildSettings = {
				BUNDLE_LOADER = "$(TEST_HOST)";
				INFOPLIST_FILE = GCDTests/Info.plist;
				LD_RUNPATH_SEARCH_PATHS = "$(inherited) @executable_path/Frameworks @loader_path/Frameworks";
				PRODUCT_BUNDLE_IDENTIFIER = wen.GCDTests;
				PRODUCT_NAME = "$(TARGET_NAME)";
				TEST_HOST = "$(BUILT_PRODUCTS_DIR)/GCD.app/GCD";
			};
			name = Release;
		};
		177281381C27AAF2009D5BF8 /* Debug */ = {
			isa = XCBuildConfiguration;
			buildSettings = {
				INFOPLIST_FILE = GCDUITests/Info.plist;
				LD_RUNPATH_SEARCH_PATHS = "$(inherited) @executable_path/Frameworks @loader_path/Frameworks";
				PRODUCT_BUNDLE_IDENTIFIER = wen.GCDUITests;
				PRODUCT_NAME = "$(TARGET_NAME)";
				TEST_TARGET_NAME = GCD;
				USES_XCTRUNNER = YES;
			};
			name = Debug;
		};
		177281391C27AAF2009D5BF8 /* Release */ = {
			isa = XCBuildConfiguration;
			buildSettings = {
				INFOPLIST_FILE = GCDUITests/Info.plist;
				LD_RUNPATH_SEARCH_PATHS = "$(inherited) @executable_path/Frameworks @loader_path/Frameworks";
				PRODUCT_BUNDLE_IDENTIFIER = wen.GCDUITests;
				PRODUCT_NAME = "$(TARGET_NAME)";
				TEST_TARGET_NAME = GCD;
				USES_XCTRUNNER = YES;
			};
			name = Release;
		};
/* End XCBuildConfiguration section */

/* Begin XCConfigurationList section */
		177281041C27AAF1009D5BF8 /* Build configuration list for PBXProject "GCD" */ = {
			isa = XCConfigurationList;
			buildConfigurations = (
				1772812F1C27AAF2009D5BF8 /* Debug */,
				177281301C27AAF2009D5BF8 /* Release */,
			);
			defaultConfigurationIsVisible = 0;
			defaultConfigurationName = Release;
		};
		177281311C27AAF2009D5BF8 /* Build configuration list for PBXNativeTarget "GCD" */ = {
			isa = XCConfigurationList;
			buildConfigurations = (
				177281321C27AAF2009D5BF8 /* Debug */,
				177281331C27AAF2009D5BF8 /* Release */,
			);
			defaultConfigurationIsVisible = 0;
		};
		177281341C27AAF2009D5BF8 /* Build configuration list for PBXNativeTarget "GCDTests" */ = {
			isa = XCConfigurationList;
			buildConfigurations = (
				177281351C27AAF2009D5BF8 /* Debug */,
				177281361C27AAF2009D5BF8 /* Release */,
			);
			defaultConfigurationIsVisible = 0;
		};
		177281371C27AAF2009D5BF8 /* Build configuration list for PBXNativeTarget "GCDUITests" */ = {
			isa = XCConfigurationList;
			buildConfigurations = (
				177281381C27AAF2009D5BF8 /* Debug */,
				177281391C27AAF2009D5BF8 /* Release */,
			);
			defaultConfigurationIsVisible = 0;
		};
/* End XCConfigurationList section */
	};
	rootObject = 177281011C27AAF1009D5BF8 /* Project object */;
}
