// !$*UTF8*$!
{
	archiveVersion = 1;
	classes = {
	};
	objectVersion = 46;
	objects = {

/* Begin PBXBuildFile section */
		17FB4CD61C3B9A34003DF09A /* AppDelegate.swift in Sources */ = {isa = PBXBuildFile; fileRef = 17FB4CD51C3B9A34003DF09A /* AppDelegate.swift */; };
		17FB4CD81C3B9A34003DF09A /* ViewController.swift in Sources */ = {isa = PBXBuildFile; fileRef = 17FB4CD71C3B9A34003DF09A /* ViewController.swift */; };
		17FB4CDB1C3B9A34003DF09A /* Main.storyboard in Resources */ = {isa = PBXBuildFile; fileRef = 17FB4CD91C3B9A34003DF09A /* Main.storyboard */; };
		17FB4CDD1C3B9A34003DF09A /* Assets.xcassets in Resources */ = {isa = PBXBuildFile; fileRef = 17FB4CDC1C3B9A34003DF09A /* Assets.xcassets */; };
		17FB4CE01C3B9A34003DF09A /* LaunchScreen.storyboard in Resources */ = {isa = PBXBuildFile; fileRef = 17FB4CDE1C3B9A34003DF09A /* LaunchScreen.storyboard */; };
		17FB4CEB1C3B9A34003DF09A /* NSThreadTests.swift in Sources */ = {isa = PBXBuildFile; fileRef = 17FB4CEA1C3B9A34003DF09A /* NSThreadTests.swift */; };
		17FB4CF61C3B9A34003DF09A /* NSThreadUITests.swift in Sources */ = {isa = PBXBuildFile; fileRef = 17FB4CF51C3B9A34003DF09A /* NSThreadUITests.swift */; };
		17FB4D041C3BCA00003DF09A /* LockViewController.swift in Sources */ = {isa = PBXBuildFile; fileRef = 17FB4D031C3BCA00003DF09A /* LockViewController.swift */; };
/* End PBXBuildFile section */

/* Begin PBXContainerItemProxy section */
		17FB4CE71C3B9A34003DF09A /* PBXContainerItemProxy */ = {
			isa = PBXContainerItemProxy;
			containerPortal = 17FB4CCA1C3B9A34003DF09A /* Project object */;
			proxyType = 1;
			remoteGlobalIDString = 17FB4CD11C3B9A34003DF09A;
			remoteInfo = NSThread;
		};
		17FB4CF21C3B9A34003DF09A /* PBXContainerItemProxy */ = {
			isa = PBXContainerItemProxy;
			containerPortal = 17FB4CCA1C3B9A34003DF09A /* Project object */;
			proxyType = 1;
			remoteGlobalIDString = 17FB4CD11C3B9A34003DF09A;
			remoteInfo = NSThread;
		};
/* End PBXContainerItemProxy section */

/* Begin PBXFileReference section */
		17FB4CD21C3B9A34003DF09A /* NSThread.app */ = {isa = PBXFileReference; explicitFileType = wrapper.application; includeInIndex = 0; path = NSThread.app; sourceTree = BUILT_PRODUCTS_DIR; };
		17FB4CD51C3B9A34003DF09A /* AppDelegate.swift */ = {isa = PBXFileReference; lastKnownFileType = sourcecode.swift; path = AppDelegate.swift; sourceTree = "<group>"; };
		17FB4CD71C3B9A34003DF09A /* ViewController.swift */ = {isa = PBXFileReference; lastKnownFileType = sourcecode.swift; path = ViewController.swift; sourceTree = "<group>"; };
		17FB4CDA1C3B9A34003DF09A /* Base */ = {isa = PBXFileReference; lastKnownFileType = file.storyboard; name = Base; path = Base.lproj/Main.storyboard; sourceTree = "<group>"; };
		17FB4CDC1C3B9A34003DF09A /* Assets.xcassets */ = {isa = PBXFileReference; lastKnownFileType = folder.assetcatalog; path = Assets.xcassets; sourceTree = "<group>"; };
		17FB4CDF1C3B9A34003DF09A /* Base */ = {isa = PBXFileReference; lastKnownFileType = file.storyboard; name = Base; path = Base.lproj/LaunchScreen.storyboard; sourceTree = "<group>"; };
		17FB4CE11C3B9A34003DF09A /* Info.plist */ = {isa = PBXFileReference; lastKnownFileType = text.plist.xml; path = Info.plist; sourceTree = "<group>"; };
		17FB4CE61C3B9A34003DF09A /* NSThreadTests.xctest */ = {isa = PBXFileReference; explicitFileType = wrapper.cfbundle; includeInIndex = 0; path = NSThreadTests.xctest; sourceTree = BUILT_PRODUCTS_DIR; };
		17FB4CEA1C3B9A34003DF09A /* NSThreadTests.swift */ = {isa = PBXFileReference; lastKnownFileType = sourcecode.swift; path = NSThreadTests.swift; sourceTree = "<group>"; };
		17FB4CEC1C3B9A34003DF09A /* Info.plist */ = {isa = PBXFileReference; lastKnownFileType = text.plist.xml; path = Info.plist; sourceTree = "<group>"; };
		17FB4CF11C3B9A34003DF09A /* NSThreadUITests.xctest */ = {isa = PBXFileReference; explicitFileType = wrapper.cfbundle; includeInIndex = 0; path = NSThreadUITests.xctest; sourceTree = BUILT_PRODUCTS_DIR; };
		17FB4CF51C3B9A34003DF09A /* NSThreadUITests.swift */ = {isa = PBXFileReference; lastKnownFileType = sourcecode.swift; path = NSThreadUITests.swift; sourceTree = "<group>"; };
		17FB4CF71C3B9A34003DF09A /* Info.plist */ = {isa = PBXFileReference; lastKnownFileType = text.plist.xml; path = Info.plist; sourceTree = "<group>"; };
		17FB4D031C3BCA00003DF09A /* LockViewController.swift */ = {isa = PBXFileReference; fileEncoding = 4; lastKnownFileType = sourcecode.swift; path = LockViewController.swift; sourceTree = "<group>"; };
/* End PBXFileReference section */

/* Begin PBXFrameworksBuildPhase section */
		17FB4CCF1C3B9A34003DF09A /* Frameworks */ = {
			isa = PBXFrameworksBuildPhase;
			buildActionMask = 2147483647;
			files = (
			);
			runOnlyForDeploymentPostprocessing = 0;
		};
		17FB4CE31C3B9A34003DF09A /* Frameworks */ = {
			isa = PBXFrameworksBuildPhase;
			buildActionMask = 2147483647;
			files = (
			);
			runOnlyForDeploymentPostprocessing = 0;
		};
		17FB4CEE1C3B9A34003DF09A /* Frameworks */ = {
			isa = PBXFrameworksBuildPhase;
			buildActionMask = 2147483647;
			files = (
			);
			runOnlyForDeploymentPostprocessing = 0;
		};
/* End PBXFrameworksBuildPhase section */

/* Begin PBXGroup section */
		17FB4CC91C3B9A34003DF09A = {
			isa = PBXGroup;
			children = (
				17FB4CD41C3B9A34003DF09A /* NSThread */,
				17FB4CE91C3B9A34003DF09A /* NSThreadTests */,
				17FB4CF41C3B9A34003DF09A /* NSThreadUITests */,
				17FB4CD31C3B9A34003DF09A /* Products */,
			);
			sourceTree = "<group>";
		};
		17FB4CD31C3B9A34003DF09A /* Products */ = {
			isa = PBXGroup;
			children = (
				17FB4CD21C3B9A34003DF09A /* NSThread.app */,
				17FB4CE61C3B9A34003DF09A /* NSThreadTests.xctest */,
				17FB4CF11C3B9A34003DF09A /* NSThreadUITests.xctest */,
			);
			name = Products;
			sourceTree = "<group>";
		};
		17FB4CD41C3B9A34003DF09A /* NSThread */ = {
			isa = PBXGroup;
			children = (
				17FB4CD51C3B9A34003DF09A /* AppDelegate.swift */,
				17FB4CD71C3B9A34003DF09A /* ViewController.swift */,
				17FB4CD91C3B9A34003DF09A /* Main.storyboard */,
				17FB4CDC1C3B9A34003DF09A /* Assets.xcassets */,
				17FB4CDE1C3B9A34003DF09A /* LaunchScreen.storyboard */,
				17FB4CE11C3B9A34003DF09A /* Info.plist */,
				17FB4D031C3BCA00003DF09A /* LockViewController.swift */,
			);
			path = NSThread;
			sourceTree = "<group>";
		};
		17FB4CE91C3B9A34003DF09A /* NSThreadTests */ = {
			isa = PBXGroup;
			children = (
				17FB4CEA1C3B9A34003DF09A /* NSThreadTests.swift */,
				17FB4CEC1C3B9A34003DF09A /* Info.plist */,
			);
			path = NSThreadTests;
			sourceTree = "<group>";
		};
		17FB4CF41C3B9A34003DF09A /* NSThreadUITests */ = {
			isa = PBXGroup;
			children = (
				17FB4CF51C3B9A34003DF09A /* NSThreadUITests.swift */,
				17FB4CF71C3B9A34003DF09A /* Info.plist */,
			);
			path = NSThreadUITests;
			sourceTree = "<group>";
		};
/* End PBXGroup section */

/* Begin PBXNativeTarget section */
		17FB4CD11C3B9A34003DF09A /* NSThread */ = {
			isa = PBXNativeTarget;
			buildConfigurationList = 17FB4CFA1C3B9A34003DF09A /* Build configuration list for PBXNativeTarget "NSThread" */;
			buildPhases = (
				17FB4CCE1C3B9A34003DF09A /* Sources */,
				17FB4CCF1C3B9A34003DF09A /* Frameworks */,
				17FB4CD01C3B9A34003DF09A /* Resources */,
			);
			buildRules = (
			);
			dependencies = (
			);
			name = NSThread;
			productName = NSThread;
			productReference = 17FB4CD21C3B9A34003DF09A /* NSThread.app */;
			productType = "com.apple.product-type.application";
		};
		17FB4CE51C3B9A34003DF09A /* NSThreadTests */ = {
			isa = PBXNativeTarget;
			buildConfigurationList = 17FB4CFD1C3B9A34003DF09A /* Build configuration list for PBXNativeTarget "NSThreadTests" */;
			buildPhases = (
				17FB4CE21C3B9A34003DF09A /* Sources */,
				17FB4CE31C3B9A34003DF09A /* Frameworks */,
				17FB4CE41C3B9A34003DF09A /* Resources */,
			);
			buildRules = (
			);
			dependencies = (
				17FB4CE81C3B9A34003DF09A /* PBXTargetDependency */,
			);
			name = NSThreadTests;
			productName = NSThreadTests;
			productReference = 17FB4CE61C3B9A34003DF09A /* NSThreadTests.xctest */;
			productType = "com.apple.product-type.bundle.unit-test";
		};
		17FB4CF01C3B9A34003DF09A /* NSThreadUITests */ = {
			isa = PBXNativeTarget;
			buildConfigurationList = 17FB4D001C3B9A34003DF09A /* Build configuration list for PBXNativeTarget "NSThreadUITests" */;
			buildPhases = (
				17FB4CED1C3B9A34003DF09A /* Sources */,
				17FB4CEE1C3B9A34003DF09A /* Frameworks */,
				17FB4CEF1C3B9A34003DF09A /* Resources */,
			);
			buildRules = (
			);
			dependencies = (
				17FB4CF31C3B9A34003DF09A /* PBXTargetDependency */,
			);
			name = NSThreadUITests;
			productName = NSThreadUITests;
			productReference = 17FB4CF11C3B9A34003DF09A /* NSThreadUITests.xctest */;
			productType = "com.apple.product-type.bundle.ui-testing";
		};
/* End PBXNativeTarget section */

/* Begin PBXProject section */
		17FB4CCA1C3B9A34003DF09A /* Project object */ = {
			isa = PBXProject;
			attributes = {
				LastSwiftUpdateCheck = 0720;
				LastUpgradeCheck = 0720;
				ORGANIZATIONNAME = xiangwenwen;
				TargetAttributes = {
					17FB4CD11C3B9A34003DF09A = {
						CreatedOnToolsVersion = 7.2;
					};
					17FB4CE51C3B9A34003DF09A = {
						CreatedOnToolsVersion = 7.2;
						TestTargetID = 17FB4CD11C3B9A34003DF09A;
					};
					17FB4CF01C3B9A34003DF09A = {
						CreatedOnToolsVersion = 7.2;
						TestTargetID = 17FB4CD11C3B9A34003DF09A;
					};
				};
			};
			buildConfigurationList = 17FB4CCD1C3B9A34003DF09A /* Build configuration list for PBXProject "NSThread" */;
			compatibilityVersion = "Xcode 3.2";
			developmentRegion = English;
			hasScannedForEncodings = 0;
			knownRegions = (
				en,
				Base,
			);
			mainGroup = 17FB4CC91C3B9A34003DF09A;
			productRefGroup = 17FB4CD31C3B9A34003DF09A /* Products */;
			projectDirPath = "";
			projectRoot = "";
			targets = (
				17FB4CD11C3B9A34003DF09A /* NSThread */,
				17FB4CE51C3B9A34003DF09A /* NSThreadTests */,
				17FB4CF01C3B9A34003DF09A /* NSThreadUITests */,
			);
		};
/* End PBXProject section */

/* Begin PBXResourcesBuildPhase section */
		17FB4CD01C3B9A34003DF09A /* Resources */ = {
			isa = PBXResourcesBuildPhase;
			buildActionMask = 2147483647;
			files = (
				17FB4CE01C3B9A34003DF09A /* LaunchScreen.storyboard in Resources */,
				17FB4CDD1C3B9A34003DF09A /* Assets.xcassets in Resources */,
				17FB4CDB1C3B9A34003DF09A /* Main.storyboard in Resources */,
			);
			runOnlyForDeploymentPostprocessing = 0;
		};
		17FB4CE41C3B9A34003DF09A /* Resources */ = {
			isa = PBXResourcesBuildPhase;
			buildActionMask = 2147483647;
			files = (
			);
			runOnlyForDeploymentPostprocessing = 0;
		};
		17FB4CEF1C3B9A34003DF09A /* Resources */ = {
			isa = PBXResourcesBuildPhase;
			buildActionMask = 2147483647;
			files = (
			);
			runOnlyForDeploymentPostprocessing = 0;
		};
/* End PBXResourcesBuildPhase section */

/* Begin PBXSourcesBuildPhase section */
		17FB4CCE1C3B9A34003DF09A /* Sources */ = {
			isa = PBXSourcesBuildPhase;
			buildActionMask = 2147483647;
			files = (
				17FB4D041C3BCA00003DF09A /* LockViewController.swift in Sources */,
				17FB4CD81C3B9A34003DF09A /* ViewController.swift in Sources */,
				17FB4CD61C3B9A34003DF09A /* AppDelegate.swift in Sources */,
			);
			runOnlyForDeploymentPostprocessing = 0;
		};
		17FB4CE21C3B9A34003DF09A /* Sources */ = {
			isa = PBXSourcesBuildPhase;
			buildActionMask = 2147483647;
			files = (
				17FB4CEB1C3B9A34003DF09A /* NSThreadTests.swift in Sources */,
			);
			runOnlyForDeploymentPostprocessing = 0;
		};
		17FB4CED1C3B9A34003DF09A /* Sources */ = {
			isa = PBXSourcesBuildPhase;
			buildActionMask = 2147483647;
			files = (
				17FB4CF61C3B9A34003DF09A /* NSThreadUITests.swift in Sources */,
			);
			runOnlyForDeploymentPostprocessing = 0;
		};
/* End PBXSourcesBuildPhase section */

/* Begin PBXTargetDependency section */
		17FB4CE81C3B9A34003DF09A /* PBXTargetDependency */ = {
			isa = PBXTargetDependency;
			target = 17FB4CD11C3B9A34003DF09A /* NSThread */;
			targetProxy = 17FB4CE71C3B9A34003DF09A /* PBXContainerItemProxy */;
		};
		17FB4CF31C3B9A34003DF09A /* PBXTargetDependency */ = {
			isa = PBXTargetDependency;
			target = 17FB4CD11C3B9A34003DF09A /* NSThread */;
			targetProxy = 17FB4CF21C3B9A34003DF09A /* PBXContainerItemProxy */;
		};
/* End PBXTargetDependency section */

/* Begin PBXVariantGroup section */
		17FB4CD91C3B9A34003DF09A /* Main.storyboard */ = {
			isa = PBXVariantGroup;
			children = (
				17FB4CDA1C3B9A34003DF09A /* Base */,
			);
			name = Main.storyboard;
			sourceTree = "<group>";
		};
		17FB4CDE1C3B9A34003DF09A /* LaunchScreen.storyboard */ = {
			isa = PBXVariantGroup;
			children = (
				17FB4CDF1C3B9A34003DF09A /* Base */,
			);
			name = LaunchScreen.storyboard;
			sourceTree = "<group>";
		};
/* End PBXVariantGroup section */

/* Begin XCBuildConfiguration section */
		17FB4CF81C3B9A34003DF09A /* Debug */ = {
			isa = XCBuildConfiguration;
			buildSettings = {
				ALWAYS_SEARCH_USER_PATHS = NO;
				CLANG_CXX_LANGUAGE_STANDARD = "gnu++0x";
				CLANG_CXX_LIBRARY = "libc++";
				CLANG_ENABLE_MODULES = YES;
				CLANG_ENABLE_OBJC_ARC = YES;
				CLANG_WARN_BOOL_CONVERSION = YES;
				CLANG_WARN_CONSTANT_CONVERSION = YES;
				CLANG_WARN_DIRECT_OBJC_ISA_USAGE = YES_ERROR;
				CLANG_WARN_EMPTY_BODY = YES;
				CLANG_WARN_ENUM_CONVERSION = YES;
				CLANG_WARN_INT_CONVERSION = YES;
				CLANG_WARN_OBJC_ROOT_CLASS = YES_ERROR;
				CLANG_WARN_UNREACHABLE_CODE = YES;
				CLANG_WARN__DUPLICATE_METHOD_MATCH = YES;
				"CODE_SIGN_IDENTITY[sdk=iphoneos*]" = "iPhone Developer";
				COPY_PHASE_STRIP = NO;
				DEBUG_INFORMATION_FORMAT = dwarf;
				ENABLE_STRICT_OBJC_MSGSEND = YES;
				ENABLE_TESTABILITY = YES;
				GCC_C_LANGUAGE_STANDARD = gnu99;
				GCC_DYNAMIC_NO_PIC = NO;
				GCC_NO_COMMON_BLOCKS = YES;
				GCC_OPTIMIZATION_LEVEL = 0;
				GCC_PREPROCESSOR_DEFINITIONS = (
					"DEBUG=1",
					"$(inherited)",
				);
				GCC_WARN_64_TO_32_BIT_CONVERSION = YES;
				GCC_WARN_ABOUT_RETURN_TYPE = YES_ERROR;
				GCC_WARN_UNDECLARED_SELECTOR = YES;
				GCC_WARN_UNINITIALIZED_AUTOS = YES_AGGRESSIVE;
				GCC_WARN_UNUSED_FUNCTION = YES;
				GCC_WARN_UNUSED_VARIABLE = YES;
				IPHONEOS_DEPLOYMENT_TARGET = 9.2;
				MTL_ENABLE_DEBUG_INFO = YES;
				ONLY_ACTIVE_ARCH = YES;
				SDKROOT = iphoneos;
				SWIFT_OPTIMIZATION_LEVEL = "-Onone";
			};
			name = Debug;
		};
		17FB4CF91C3B9A34003DF09A /* Release */ = {
			isa = XCBuildConfiguration;
			buildSettings = {
				ALWAYS_SEARCH_USER_PATHS = NO;
				CLANG_CXX_LANGUAGE_STANDARD = "gnu++0x";
				CLANG_CXX_LIBRARY = "libc++";
				CLANG_ENABLE_MODULES = YES;
				CLANG_ENABLE_OBJC_ARC = YES;
				CLANG_WARN_BOOL_CONVERSION = YES;
				CLANG_WARN_CONSTANT_CONVERSION = YES;
				CLANG_WARN_DIRECT_OBJC_ISA_USAGE = YES_ERROR;
				CLANG_WARN_EMPTY_BODY = YES;
				CLANG_WARN_ENUM_CONVERSION = YES;
				CLANG_WARN_INT_CONVERSION = YES;
				CLANG_WARN_OBJC_ROOT_CLASS = YES_ERROR;
				CLANG_WARN_UNREACHABLE_CODE = YES;
				CLANG_WARN__DUPLICATE_METHOD_MATCH = YES;
				"CODE_SIGN_IDENTITY[sdk=iphoneos*]" = "iPhone Developer";
				COPY_PHASE_STRIP = NO;
				DEBUG_INFORMATION_FORMAT = "dwarf-with-dsym";
				ENABLE_NS_ASSERTIONS = NO;
				ENABLE_STRICT_OBJC_MSGSEND = YES;
				GCC_C_LANGUAGE_STANDARD = gnu99;
				GCC_NO_COMMON_BLOCKS = YES;
				GCC_WARN_64_TO_32_BIT_CONVERSION = YES;
				GCC_WARN_ABOUT_RETURN_TYPE = YES_ERROR;
				GCC_WARN_UNDECLARED_SELECTOR = YES;
				GCC_WARN_UNINITIALIZED_AUTOS = YES_AGGRESSIVE;
				GCC_WARN_UNUSED_FUNCTION = YES;
				GCC_WARN_UNUSED_VARIABLE = YES;
				IPHONEOS_DEPLOYMENT_TARGET = 9.2;
				MTL_ENABLE_DEBUG_INFO = NO;
				SDKROOT = iphoneos;
				VALIDATE_PRODUCT = YES;
			};
			name = Release;
		};
		17FB4CFB1C3B9A34003DF09A /* Debug */ = {
			isa = XCBuildConfiguration;
			buildSettings = {
				ASSETCATALOG_COMPILER_APPICON_NAME = AppIcon;
				INFOPLIST_FILE = NSThread/Info.plist;
				LD_RUNPATH_SEARCH_PATHS = "$(inherited) @executable_path/Frameworks";
				PRODUCT_BUNDLE_IDENTIFIER = wen.NSThread;
				PRODUCT_NAME = "$(TARGET_NAME)";
			};
			name = Debug;
		};
		17FB4CFC1C3B9A34003DF09A /* Release */ = {
			isa = XCBuildConfiguration;
			buildSettings = {
				ASSETCATALOG_COMPILER_APPICON_NAME = AppIcon;
				INFOPLIST_FILE = NSThread/Info.plist;
				LD_RUNPATH_SEARCH_PATHS = "$(inherited) @executable_path/Frameworks";
				PRODUCT_BUNDLE_IDENTIFIER = wen.NSThread;
				PRODUCT_NAME = "$(TARGET_NAME)";
			};
			name = Release;
		};
		17FB4CFE1C3B9A34003DF09A /* Debug */ = {
			isa = XCBuildConfiguration;
			buildSettings = {
				BUNDLE_LOADER = "$(TEST_HOST)";
				INFOPLIST_FILE = NSThreadTests/Info.plist;
				LD_RUNPATH_SEARCH_PATHS = "$(inherited) @executable_path/Frameworks @loader_path/Frameworks";
				PRODUCT_BUNDLE_IDENTIFIER = wen.NSThreadTests;
				PRODUCT_NAME = "$(TARGET_NAME)";
				TEST_HOST = "$(BUILT_PRODUCTS_DIR)/NSThread.app/NSThread";
			};
			name = Debug;
		};
		17FB4CFF1C3B9A34003DF09A /* Release */ = {
			isa = XCBuildConfiguration;
			buildSettings = {
				BUNDLE_LOADER = "$(TEST_HOST)";
				INFOPLIST_FILE = NSThreadTests/Info.plist;
				LD_RUNPATH_SEARCH_PATHS = "$(inherited) @executable_path/Frameworks @loader_path/Frameworks";
				PRODUCT_BUNDLE_IDENTIFIER = wen.NSThreadTests;
				PRODUCT_NAME = "$(TARGET_NAME)";
				TEST_HOST = "$(BUILT_PRODUCTS_DIR)/NSThread.app/NSThread";
			};
			name = Release;
		};
		17FB4D011C3B9A34003DF09A /* Debug */ = {
			isa = XCBuildConfiguration;
			buildSettings = {
				INFOPLIST_FILE = NSThreadUITests/Info.plist;
				LD_RUNPATH_SEARCH_PATHS = "$(inherited) @executable_path/Frameworks @loader_path/Frameworks";
				PRODUCT_BUNDLE_IDENTIFIER = wen.NSThreadUITests;
				PRODUCT_NAME = "$(TARGET_NAME)";
				TEST_TARGET_NAME = NSThread;
				USES_XCTRUNNER = YES;
			};
			name = Debug;
		};
		17FB4D021C3B9A34003DF09A /* Release */ = {
			isa = XCBuildConfiguration;
			buildSettings = {
				INFOPLIST_FILE = NSThreadUITests/Info.plist;
				LD_RUNPATH_SEARCH_PATHS = "$(inherited) @executable_path/Frameworks @loader_path/Frameworks";
				PRODUCT_BUNDLE_IDENTIFIER = wen.NSThreadUITests;
				PRODUCT_NAME = "$(TARGET_NAME)";
				TEST_TARGET_NAME = NSThread;
				USES_XCTRUNNER = YES;
			};
			name = Release;
		};
/* End XCBuildConfiguration section */

/* Begin XCConfigurationList section */
		17FB4CCD1C3B9A34003DF09A /* Build configuration list for PBXProject "NSThread" */ = {
			isa = XCConfigurationList;
			buildConfigurations = (
				17FB4CF81C3B9A34003DF09A /* Debug */,
				17FB4CF91C3B9A34003DF09A /* Release */,
			);
			defaultConfigurationIsVisible = 0;
			defaultConfigurationName = Release;
		};
		17FB4CFA1C3B9A34003DF09A /* Build configuration list for PBXNativeTarget "NSThread" */ = {
			isa = XCConfigurationList;
			buildConfigurations = (
				17FB4CFB1C3B9A34003DF09A /* Debug */,
				17FB4CFC1C3B9A34003DF09A /* Release */,
			);
			defaultConfigurationIsVisible = 0;
		};
		17FB4CFD1C3B9A34003DF09A /* Build configuration list for PBXNativeTarget "NSThreadTests" */ = {
			isa = XCConfigurationList;
			buildConfigurations = (
				17FB4CFE1C3B9A34003DF09A /* Debug */,
				17FB4CFF1C3B9A34003DF09A /* Release */,
			);
			defaultConfigurationIsVisible = 0;
		};
		17FB4D001C3B9A34003DF09A /* Build configuration list for PBXNativeTarget "NSThreadUITests" */ = {
			isa = XCConfigurationList;
			buildConfigurations = (
				17FB4D011C3B9A34003DF09A /* Debug */,
				17FB4D021C3B9A34003DF09A /* Release */,
			);
			defaultConfigurationIsVisible = 0;
		};
/* End XCConfigurationList section */
	};
	rootObject = 17FB4CCA1C3B9A34003DF09A /* Project object */;
}
